PODS:
  - Alamofire (5.9.0)
  - Capacitor (5.7.2):
    - CapacitorCordova
  - CapacitorApp (5.0.7):
    - Capacitor
  - CapacitorBrowser (5.2.0):
    - Capacitor
  - CapacitorCordova (5.7.2)
  - CapacitorDevice (5.0.7):
    - Capacitor
  - CapacitorHaptics (5.0.7):
    - Capacitor
  - CapacitorKeyboard (5.0.8):
    - Capacitor
  - CapacitorNetwork (5.0.7):
    - Capacitor
  - CapacitorSplashScreen (5.0.7):
    - Capacitor
  - CapacitorStatusBar (5.0.7):
    - Capacitor
  - CapgoCapacitorUpdater (5.6.11):
    - Alamofire
    - Capacitor
    - SSZipArchive
    - Version
  - SSZipArchive (2.4.3)
  - Version (0.8.0)

DEPENDENCIES:
  - "Capacitor (from `../../../../node_modules/.pnpm/@capacitor+ios@5.7.2_@capacitor+core@5.7.2/node_modules/@capacitor/ios`)"
  - "CapacitorApp (from `../../../../node_modules/.pnpm/@capacitor+app@5.0.7_@capacitor+core@5.7.2/node_modules/@capacitor/app`)"
  - "CapacitorBrowser (from `../../../../node_modules/.pnpm/@capacitor+browser@5.2.0_@capacitor+core@5.7.2/node_modules/@capacitor/browser`)"
  - "CapacitorCordova (from `../../../../node_modules/.pnpm/@capacitor+ios@5.7.2_@capacitor+core@5.7.2/node_modules/@capacitor/ios`)"
  - "CapacitorDevice (from `../../../../node_modules/.pnpm/@capacitor+device@5.0.7_@capacitor+core@5.7.2/node_modules/@capacitor/device`)"
  - "CapacitorHaptics (from `../../../../node_modules/.pnpm/@capacitor+haptics@5.0.7_@capacitor+core@5.7.2/node_modules/@capacitor/haptics`)"
  - "CapacitorKeyboard (from `../../../../node_modules/.pnpm/@capacitor+keyboard@5.0.8_@capacitor+core@5.7.2/node_modules/@capacitor/keyboard`)"
  - "CapacitorNetwork (from `../../../../node_modules/.pnpm/@capacitor+network@5.0.7_@capacitor+core@5.7.2/node_modules/@capacitor/network`)"
  - "CapacitorSplashScreen (from `../../../../node_modules/.pnpm/@capacitor+splash-screen@5.0.7_@capacitor+core@5.7.2/node_modules/@capacitor/splash-screen`)"
  - "CapacitorStatusBar (from `../../../../node_modules/.pnpm/@capacitor+status-bar@5.0.7_@capacitor+core@5.7.2/node_modules/@capacitor/status-bar`)"
  - "CapgoCapacitorUpdater (from `../../../../node_modules/.pnpm/@capgo+capacitor-updater@5.6.11_@capacitor+core@5.7.2/node_modules/@capgo/capacitor-updater`)"

SPEC REPOS:
  trunk:
    - Alamofire
    - SSZipArchive
    - Version

EXTERNAL SOURCES:
  Capacitor:
    :path: "../../../../node_modules/.pnpm/@capacitor+ios@5.7.2_@capacitor+core@5.7.2/node_modules/@capacitor/ios"
  CapacitorApp:
    :path: "../../../../node_modules/.pnpm/@capacitor+app@5.0.7_@capacitor+core@5.7.2/node_modules/@capacitor/app"
  CapacitorBrowser:
    :path: "../../../../node_modules/.pnpm/@capacitor+browser@5.2.0_@capacitor+core@5.7.2/node_modules/@capacitor/browser"
  CapacitorCordova:
    :path: "../../../../node_modules/.pnpm/@capacitor+ios@5.7.2_@capacitor+core@5.7.2/node_modules/@capacitor/ios"
  CapacitorDevice:
    :path: "../../../../node_modules/.pnpm/@capacitor+device@5.0.7_@capacitor+core@5.7.2/node_modules/@capacitor/device"
  CapacitorHaptics:
    :path: "../../../../node_modules/.pnpm/@capacitor+haptics@5.0.7_@capacitor+core@5.7.2/node_modules/@capacitor/haptics"
  CapacitorKeyboard:
    :path: "../../../../node_modules/.pnpm/@capacitor+keyboard@5.0.8_@capacitor+core@5.7.2/node_modules/@capacitor/keyboard"
  CapacitorNetwork:
    :path: "../../../../node_modules/.pnpm/@capacitor+network@5.0.7_@capacitor+core@5.7.2/node_modules/@capacitor/network"
  CapacitorSplashScreen:
    :path: "../../../../node_modules/.pnpm/@capacitor+splash-screen@5.0.7_@capacitor+core@5.7.2/node_modules/@capacitor/splash-screen"
  CapacitorStatusBar:
    :path: "../../../../node_modules/.pnpm/@capacitor+status-bar@5.0.7_@capacitor+core@5.7.2/node_modules/@capacitor/status-bar"
  CapgoCapacitorUpdater:
    :path: "../../../../node_modules/.pnpm/@capgo+capacitor-updater@5.6.11_@capacitor+core@5.7.2/node_modules/@capgo/capacitor-updater"

SPEC CHECKSUMS:
  Alamofire: 02b772c9910e8eba1a079227c32fbd9e46c90a24
  Capacitor: fc7ef6d935eafb0df9eaaf109ca69be16c51a2d2
  CapacitorApp: 17fecd0e6cb23feafac7eb0939417389038b0979
  CapacitorBrowser: a6deae9e5bf87f62b62a753cff7992c5def9e771
  CapacitorCordova: 70b13b8fddb6f35d8adcfe06cb5045c07f35f6de
  CapacitorDevice: fc91bdb484dc0e70755e9b621cd557afe642613a
  CapacitorHaptics: 7c7c206f0c96a628fed073830c96d28c4b2e772e
  CapacitorKeyboard: aec619a578235c6ce279075009a2689c2cf5c42c
  CapacitorNetwork: 81ef9728aa7a65cac8c1181ce79e578162b57b57
  CapacitorSplashScreen: dd3de3f3644710fa2a697cfb91ec262eece4d242
  CapacitorStatusBar: f390fbb49b82ffb754ea4b3cf71dc8b048baf3e7
  CapgoCapacitorUpdater: 4a4ef200546a54ac2c6aeaddad8530d4e4141acd
  SSZipArchive: fe6a26b2a54d5a0890f2567b5cc6de5caa600aef
  Version: de5907f2c5d0f3cf21708db7801d1d5401139486

PODFILE CHECKSUM: cb5e560d1aa4353f1143331f4c1484c3ecd88a89

COCOAPODS: 1.15.2
